{
  "name": "pnp-test",
  "version": "1.0.0",
  "lockfileVersion": 2,
  "requires": true,
  "packages": {
    "": {
      "name": "pnp-test",
      "version": "1.0.0",
      "license": "ISC",
      "dependencies": {
        "@pnp/common": "^2.14.0",
        "@pnp/logging": "^3.9.0",
        "@pnp/nodejs": "^3.9.0",
        "@pnp/odata": "^2.14.0",
        "@pnp/sp": "^3.9.0"
      },
      "devDependencies": {
        "@types/node": "^18.11.10",
        "typescript": "^4.9.3"
      }
    },
    "node_modules/@azure/msal-common": {
      "version": "7.6.0",
      "resolved": "https://registry.npmjs.org/@azure/msal-common/-/msal-common-7.6.0.tgz",
      "integrity": "sha512-XqfbglUTVLdkHQ8F9UQJtKseRr3sSnr9ysboxtoswvaMVaEfvyLtMoHv9XdKUfOc0qKGzNgRFd9yRjIWVepl6Q==",
      "engines": {
        "node": ">=0.8.0"
      }
    },
    "node_modules/@azure/msal-node": {
      "version": "1.13.0",
      "resolved": "https://registry.npmjs.org/@azure/msal-node/-/msal-node-1.13.0.tgz",
      "integrity": "sha512-ULHSqUVvnmJwdH6tOlgzrqtC/GAQuzpizvmvttfDeSrrvDDYkaiU3V7NMsVig93NHfcZpbLBLe1ylUrOa7lnig==",
      "dependencies": {
        "@azure/msal-common": "^7.4.0",
        "jsonwebtoken": "^8.5.1",
        "uuid": "^8.3.0"
      },
      "engines": {
        "node": "10 || 12 || 14 || 16 || 18"
      }
    },
    "node_modules/@microsoft/microsoft-graph-types": {
      "version": "2.25.0",
      "resolved": "https://registry.npmjs.org/@microsoft/microsoft-graph-types/-/microsoft-graph-types-2.25.0.tgz",
      "integrity": "sha512-H/HK4MsRJ1H+G/HwbU/z225BKwzoMU3fawD8xivGxDgyGIDzdZf07Ruz/wPSM+tSJJin/swz3TwFllxveduG8Q=="
    },
    "node_modules/@pnp/common": {
      "version": "2.14.0",
      "resolved": "https://registry.npmjs.org/@pnp/common/-/common-2.14.0.tgz",
      "integrity": "sha512-GtiV/GfnDtQpoCCTr1GsGpLNI3QC6CRSDduSMbnqFO7uW0MCQXH2xh126/UceH4mwP3BVjNUhi7JZCMEa1lB2A==",
      "dependencies": {
        "tslib": "2.3.0"
      },
      "funding": {
        "type": "individual",
        "url": "https://github.com/sponsors/patrick-rodgers/"
      }
    },
    "node_modules/@pnp/core": {
      "version": "3.9.0",
      "resolved": "https://registry.npmjs.org/@pnp/core/-/core-3.9.0.tgz",
      "integrity": "sha512-EzuU6jD2qGEARkcBsSf3RM2Q+tZ6WwQc/Dd/klKO23eYV9M4fQnUFKtmVDAyE+pfJTot3bN3vXVny6llAdNxjg==",
      "dependencies": {
        "tslib": "2.4.0"
      },
      "engines": {
        "node": ">=14.15.1"
      },
      "funding": {
        "type": "individual",
        "url": "https://github.com/sponsors/patrick-rodgers/"
      }
    },
    "node_modules/@pnp/core/node_modules/tslib": {
      "version": "2.4.0",
      "resolved": "https://registry.npmjs.org/tslib/-/tslib-2.4.0.tgz",
      "integrity": "sha512-d6xOpEDfsi2CZVlPQzGeux8XMwLT9hssAsaPYExaQMuYskwb+x1x7J371tWlbBdWHroy99KnVB6qIkUbs5X3UQ=="
    },
    "node_modules/@pnp/graph": {
      "version": "3.9.0",
      "resolved": "https://registry.npmjs.org/@pnp/graph/-/graph-3.9.0.tgz",
      "integrity": "sha512-kPZ1kqXYP1dCZ3lJJZ92tZV/AKo18TWT8zvvDxS1SYSTzzOJzwcbMHJrHFY5H4sXdr1qARH1pitCkCACS3FF5A==",
      "hasInstallScript": true,
      "dependencies": {
        "@microsoft/microsoft-graph-types": "2.25.0",
        "@pnp/core": "3.9.0",
        "@pnp/queryable": "3.9.0",
        "tslib": "2.4.0"
      },
      "engines": {
        "node": ">=14.15.1"
      },
      "funding": {
        "type": "individual",
        "url": "https://github.com/sponsors/patrick-rodgers/"
      }
    },
    "node_modules/@pnp/graph/node_modules/tslib": {
      "version": "2.4.0",
      "resolved": "https://registry.npmjs.org/tslib/-/tslib-2.4.0.tgz",
      "integrity": "sha512-d6xOpEDfsi2CZVlPQzGeux8XMwLT9hssAsaPYExaQMuYskwb+x1x7J371tWlbBdWHroy99KnVB6qIkUbs5X3UQ=="
    },
    "node_modules/@pnp/logging": {
      "version": "3.9.0",
      "resolved": "https://registry.npmjs.org/@pnp/logging/-/logging-3.9.0.tgz",
      "integrity": "sha512-9xh4whow3AbAdWC0RNwAbrWuDuPXRNx1xYpW8BkunKOHRMZQqCCX83vU0xoMMCJwOv2cBy8qA9js9p4avs3Nww==",
      "dependencies": {
        "tslib": "2.4.0"
      },
      "engines": {
        "node": ">=14.15.1"
      },
      "funding": {
        "type": "individual",
        "url": "https://github.com/sponsors/patrick-rodgers/"
      }
    },
    "node_modules/@pnp/logging/node_modules/tslib": {
      "version": "2.4.0",
      "resolved": "https://registry.npmjs.org/tslib/-/tslib-2.4.0.tgz",
      "integrity": "sha512-d6xOpEDfsi2CZVlPQzGeux8XMwLT9hssAsaPYExaQMuYskwb+x1x7J371tWlbBdWHroy99KnVB6qIkUbs5X3UQ=="
    },
    "node_modules/@pnp/nodejs": {
      "version": "3.9.0",
      "resolved": "https://registry.npmjs.org/@pnp/nodejs/-/nodejs-3.9.0.tgz",
      "integrity": "sha512-nRRCOVzgSY9eMUEoP0zEpcPRDYntpNtzhm70eRlFtgbhZMQpOzi0LKLjw3Sz5PxhknWuljwcSESxIy7a+DBZBg==",
      "dependencies": {
        "@azure/msal-node": "1.13.0",
        "@pnp/core": "3.9.0",
        "@pnp/graph": "3.9.0",
        "@pnp/logging": "3.9.0",
        "@pnp/queryable": "3.9.0",
        "@pnp/sp": "3.9.0",
        "node-fetch": "3.2.10",
        "tslib": "2.4.0"
      },
      "engines": {
        "node": ">=14.15.1"
      },
      "funding": {
        "type": "individual",
        "url": "https://github.com/sponsors/patrick-rodgers/"
      }
    },
    "node_modules/@pnp/nodejs/node_modules/tslib": {
      "version": "2.4.0",
      "resolved": "https://registry.npmjs.org/tslib/-/tslib-2.4.0.tgz",
      "integrity": "sha512-d6xOpEDfsi2CZVlPQzGeux8XMwLT9hssAsaPYExaQMuYskwb+x1x7J371tWlbBdWHroy99KnVB6qIkUbs5X3UQ=="
    },
    "node_modules/@pnp/odata": {
      "version": "2.14.0",
      "resolved": "https://registry.npmjs.org/@pnp/odata/-/odata-2.14.0.tgz",
      "integrity": "sha512-HuVOLJxXsjiVj/Qi0sDYL+v+Nty6SPquz4Qtb0PDNUdRnH63UKEmI8M19QQDohxmCJvueNL1gNj9iy9yHWnASQ==",
      "dependencies": {
        "@pnp/common": "2.14.0",
        "@pnp/logging": "2.14.0",
        "tslib": "2.3.0"
      },
      "funding": {
        "type": "individual",
        "url": "https://github.com/sponsors/patrick-rodgers/"
      }
    },
    "node_modules/@pnp/odata/node_modules/@pnp/logging": {
      "version": "2.14.0",
      "resolved": "https://registry.npmjs.org/@pnp/logging/-/logging-2.14.0.tgz",
      "integrity": "sha512-M/7PyG6zf962KI96ORtmnKp+a45x2Wcy5llsz0+i4FYoWRZuXA9UY5ahIO34sRSYB7FZw5tVwmxSlvQKVLWF3w==",
      "dependencies": {
        "tslib": "2.3.0"
      },
      "funding": {
        "type": "individual",
        "url": "https://github.com/sponsors/patrick-rodgers/"
      }
    },
    "node_modules/@pnp/queryable": {
      "version": "3.9.0",
      "resolved": "https://registry.npmjs.org/@pnp/queryable/-/queryable-3.9.0.tgz",
      "integrity": "sha512-05n4BLKd1Tjbb5piQyvEtcUse13CQf9hfLwFj8sLb33stFX48QzKBW8ZGbk57MfH6Wkj4SPSHbYg9vZd2+UZZQ==",
      "dependencies": {
        "@pnp/core": "3.9.0",
        "tslib": "2.4.0"
      },
      "engines": {
        "node": ">=14.15.1"
      },
      "funding": {
        "type": "individual",
        "url": "https://github.com/sponsors/patrick-rodgers/"
      }
    },
    "node_modules/@pnp/queryable/node_modules/tslib": {
      "version": "2.4.0",
      "resolved": "https://registry.npmjs.org/tslib/-/tslib-2.4.0.tgz",
      "integrity": "sha512-d6xOpEDfsi2CZVlPQzGeux8XMwLT9hssAsaPYExaQMuYskwb+x1x7J371tWlbBdWHroy99KnVB6qIkUbs5X3UQ=="
    },
    "node_modules/@pnp/sp": {
      "version": "3.9.0",
      "resolved": "https://registry.npmjs.org/@pnp/sp/-/sp-3.9.0.tgz",
      "integrity": "sha512-AHDZe/e0kIzOHu7FIrYsjWqzxY31sSo2NV9Jdo8wHDGV5YF1+9GRHxC2M4tTFIw9Hn6gZv2RyhnqHJhBFw9owg==",
      "hasInstallScript": true,
      "dependencies": {
        "@pnp/core": "3.9.0",
        "@pnp/queryable": "3.9.0",
        "tslib": "2.4.0"
      },
      "engines": {
        "node": ">=14.15.1"
      },
      "funding": {
        "type": "individual",
        "url": "https://github.com/sponsors/patrick-rodgers/"
      }
    },
    "node_modules/@pnp/sp/node_modules/tslib": {
      "version": "2.4.0",
      "resolved": "https://registry.npmjs.org/tslib/-/tslib-2.4.0.tgz",
      "integrity": "sha512-d6xOpEDfsi2CZVlPQzGeux8XMwLT9hssAsaPYExaQMuYskwb+x1x7J371tWlbBdWHroy99KnVB6qIkUbs5X3UQ=="
    },
    "node_modules/@types/node": {
      "version": "18.11.10",
      "resolved": "https://registry.npmjs.org/@types/node/-/node-18.11.10.tgz",
      "integrity": "sha512-juG3RWMBOqcOuXC643OAdSA525V44cVgGV6dUDuiFtss+8Fk5x1hI93Rsld43VeJVIeqlP9I7Fn9/qaVqoEAuQ==",
      "dev": true
    },
    "node_modules/buffer-equal-constant-time": {
      "version": "1.0.1",
      "resolved": "https://registry.npmjs.org/buffer-equal-constant-time/-/buffer-equal-constant-time-1.0.1.tgz",
      "integrity": "sha512-zRpUiDwd/xk6ADqPMATG8vc9VPrkck7T07OIx0gnjmJAnHnTVXNQG3vfvWNuiZIkwu9KrKdA1iJKfsfTVxE6NA=="
    },
    "node_modules/data-uri-to-buffer": {
      "version": "4.0.0",
      "resolved": "https://registry.npmjs.org/data-uri-to-buffer/-/data-uri-to-buffer-4.0.0.tgz",
      "integrity": "sha512-Vr3mLBA8qWmcuschSLAOogKgQ/Jwxulv3RNE4FXnYWRGujzrRWQI4m12fQqRkwX06C0KanhLr4hK+GydchZsaA==",
      "engines": {
        "node": ">= 12"
      }
    },
    "node_modules/ecdsa-sig-formatter": {
      "version": "1.0.11",
      "resolved": "https://registry.npmjs.org/ecdsa-sig-formatter/-/ecdsa-sig-formatter-1.0.11.tgz",
      "integrity": "sha512-nagl3RYrbNv6kQkeJIpt6NJZy8twLB/2vtz6yN9Z4vRKHN4/QZJIEbqohALSgwKdnksuY3k5Addp5lg8sVoVcQ==",
      "dependencies": {
        "safe-buffer": "^5.0.1"
      }
    },
    "node_modules/fetch-blob": {
      "version": "3.2.0",
      "resolved": "https://registry.npmjs.org/fetch-blob/-/fetch-blob-3.2.0.tgz",
      "integrity": "sha512-7yAQpD2UMJzLi1Dqv7qFYnPbaPx7ZfFK6PiIxQ4PfkGPyNyl2Ugx+a/umUonmKqjhM4DnfbMvdX6otXq83soQQ==",
      "funding": [
        {
          "type": "github",
          "url": "https://github.com/sponsors/jimmywarting"
        },
        {
          "type": "paypal",
          "url": "https://paypal.me/jimmywarting"
        }
      ],
      "dependencies": {
        "node-domexception": "^1.0.0",
        "web-streams-polyfill": "^3.0.3"
      },
      "engines": {
        "node": "^12.20 || >= 14.13"
      }
    },
    "node_modules/formdata-polyfill": {
      "version": "4.0.10",
      "resolved": "https://registry.npmjs.org/formdata-polyfill/-/formdata-polyfill-4.0.10.tgz",
      "integrity": "sha512-buewHzMvYL29jdeQTVILecSaZKnt/RJWjoZCF5OW60Z67/GmSLBkOFM7qh1PI3zFNtJbaZL5eQu1vLfazOwj4g==",
      "dependencies": {
        "fetch-blob": "^3.1.2"
      },
      "engines": {
        "node": ">=12.20.0"
      }
    },
    "node_modules/jsonwebtoken": {
      "version": "8.5.1",
      "resolved": "https://registry.npmjs.org/jsonwebtoken/-/jsonwebtoken-8.5.1.tgz",
      "integrity": "sha512-XjwVfRS6jTMsqYs0EsuJ4LGxXV14zQybNd4L2r0UvbVnSF9Af8x7p5MzbJ90Ioz/9TI41/hTCvznF/loiSzn8w==",
      "dependencies": {
        "jws": "^3.2.2",
        "lodash.includes": "^4.3.0",
        "lodash.isboolean": "^3.0.3",
        "lodash.isinteger": "^4.0.4",
        "lodash.isnumber": "^3.0.3",
        "lodash.isplainobject": "^4.0.6",
        "lodash.isstring": "^4.0.1",
        "lodash.once": "^4.0.0",
        "ms": "^2.1.1",
        "semver": "^5.6.0"
      },
      "engines": {
        "node": ">=4",
        "npm": ">=1.4.28"
      }
    },
    "node_modules/jwa": {
      "version": "1.4.1",
      "resolved": "https://registry.npmjs.org/jwa/-/jwa-1.4.1.tgz",
      "integrity": "sha512-qiLX/xhEEFKUAJ6FiBMbes3w9ATzyk5W7Hvzpa/SLYdxNtng+gcurvrI7TbACjIXlsJyr05/S1oUhZrc63evQA==",
      "dependencies": {
        "buffer-equal-constant-time": "1.0.1",
        "ecdsa-sig-formatter": "1.0.11",
        "safe-buffer": "^5.0.1"
      }
    },
    "node_modules/jws": {
      "version": "3.2.2",
      "resolved": "https://registry.npmjs.org/jws/-/jws-3.2.2.tgz",
      "integrity": "sha512-YHlZCB6lMTllWDtSPHz/ZXTsi8S00usEV6v1tjq8tOUZzw7DpSDWVXjXDre6ed1w/pd495ODpHZYSdkRTsa0HA==",
      "dependencies": {
        "jwa": "^1.4.1",
        "safe-buffer": "^5.0.1"
      }
    },
    "node_modules/lodash.includes": {
      "version": "4.3.0",
      "resolved": "https://registry.npmjs.org/lodash.includes/-/lodash.includes-4.3.0.tgz",
      "integrity": "sha512-W3Bx6mdkRTGtlJISOvVD/lbqjTlPPUDTMnlXZFnVwi9NKJ6tiAk6LVdlhZMm17VZisqhKcgzpO5Wz91PCt5b0w=="
    },
    "node_modules/lodash.isboolean": {
      "version": "3.0.3",
      "resolved": "https://registry.npmjs.org/lodash.isboolean/-/lodash.isboolean-3.0.3.tgz",
      "integrity": "sha512-Bz5mupy2SVbPHURB98VAcw+aHh4vRV5IPNhILUCsOzRmsTmSQ17jIuqopAentWoehktxGd9e/hbIXq980/1QJg=="
    },
    "node_modules/lodash.isinteger": {
      "version": "4.0.4",
      "resolved": "https://registry.npmjs.org/lodash.isinteger/-/lodash.isinteger-4.0.4.tgz",
      "integrity": "sha512-DBwtEWN2caHQ9/imiNeEA5ys1JoRtRfY3d7V9wkqtbycnAmTvRRmbHKDV4a0EYc678/dia0jrte4tjYwVBaZUA=="
    },
    "node_modules/lodash.isnumber": {
      "version": "3.0.3",
      "resolved": "https://registry.npmjs.org/lodash.isnumber/-/lodash.isnumber-3.0.3.tgz",
      "integrity": "sha512-QYqzpfwO3/CWf3XP+Z+tkQsfaLL/EnUlXWVkIk5FUPc4sBdTehEqZONuyRt2P67PXAk+NXmTBcc97zw9t1FQrw=="
    },
    "node_modules/lodash.isplainobject": {
      "version": "4.0.6",
      "resolved": "https://registry.npmjs.org/lodash.isplainobject/-/lodash.isplainobject-4.0.6.tgz",
      "integrity": "sha512-oSXzaWypCMHkPC3NvBEaPHf0KsA5mvPrOPgQWDsbg8n7orZ290M0BmC/jgRZ4vcJ6DTAhjrsSYgdsW/F+MFOBA=="
    },
    "node_modules/lodash.isstring": {
      "version": "4.0.1",
      "resolved": "https://registry.npmjs.org/lodash.isstring/-/lodash.isstring-4.0.1.tgz",
      "integrity": "sha512-0wJxfxH1wgO3GrbuP+dTTk7op+6L41QCXbGINEmD+ny/G/eCqGzxyCsh7159S+mgDDcoarnBw6PC1PS5+wUGgw=="
    },
    "node_modules/lodash.once": {
      "version": "4.1.1",
      "resolved": "https://registry.npmjs.org/lodash.once/-/lodash.once-4.1.1.tgz",
      "integrity": "sha512-Sb487aTOCr9drQVL8pIxOzVhafOjZN9UU54hiN8PU3uAiSV7lx1yYNpbNmex2PK6dSJoNTSJUUswT651yww3Mg=="
    },
    "node_modules/ms": {
      "version": "2.1.3",
      "resolved": "https://registry.npmjs.org/ms/-/ms-2.1.3.tgz",
      "integrity": "sha512-6FlzubTLZG3J2a/NVCAleEhjzq5oxgHyaCU9yYXvcLsvoVaHJq/s5xXI6/XXP6tz7R9xAOtHnSO/tXtF3WRTlA=="
    },
    "node_modules/node-domexception": {
      "version": "1.0.0",
      "resolved": "https://registry.npmjs.org/node-domexception/-/node-domexception-1.0.0.tgz",
      "integrity": "sha512-/jKZoMpw0F8GRwl4/eLROPA3cfcXtLApP0QzLmUT/HuPCZWyB7IY9ZrMeKw2O/nFIqPQB3PVM9aYm0F312AXDQ==",
      "funding": [
        {
          "type": "github",
          "url": "https://github.com/sponsors/jimmywarting"
        },
        {
          "type": "github",
          "url": "https://paypal.me/jimmywarting"
        }
      ],
      "engines": {
        "node": ">=10.5.0"
      }
    },
    "node_modules/node-fetch": {
      "version": "3.2.10",
      "resolved": "https://registry.npmjs.org/node-fetch/-/node-fetch-3.2.10.tgz",
      "integrity": "sha512-MhuzNwdURnZ1Cp4XTazr69K0BTizsBroX7Zx3UgDSVcZYKF/6p0CBe4EUb/hLqmzVhl0UpYfgRljQ4yxE+iCxA==",
      "dependencies": {
        "data-uri-to-buffer": "^4.0.0",
        "fetch-blob": "^3.1.4",
        "formdata-polyfill": "^4.0.10"
      },
      "engines": {
        "node": "^12.20.0 || ^14.13.1 || >=16.0.0"
      },
      "funding": {
        "type": "opencollective",
        "url": "https://opencollective.com/node-fetch"
      }
    },
    "node_modules/safe-buffer": {
      "version": "5.2.1",
      "resolved": "https://registry.npmjs.org/safe-buffer/-/safe-buffer-5.2.1.tgz",
      "integrity": "sha512-rp3So07KcdmmKbGvgaNxQSJr7bGVSVk5S9Eq1F+ppbRo70+YeaDxkw5Dd8NPN+GD6bjnYm2VuPuCXmpuYvmCXQ==",
      "funding": [
        {
          "type": "github",
          "url": "https://github.com/sponsors/feross"
        },
        {
          "type": "patreon",
          "url": "https://www.patreon.com/feross"
        },
        {
          "type": "consulting",
          "url": "https://feross.org/support"
        }
      ]
    },
    "node_modules/semver": {
      "version": "5.7.1",
      "resolved": "https://registry.npmjs.org/semver/-/semver-5.7.1.tgz",
      "integrity": "sha512-sauaDf/PZdVgrLTNYHRtpXa1iRiKcaebiKQ1BJdpQlWH2lCvexQdX55snPFyK7QzpudqbCI0qXFfOasHdyNDGQ==",
      "bin": {
        "semver": "bin/semver"
      }
    },
    "node_modules/tslib": {
      "version": "2.3.0",
      "resolved": "https://registry.npmjs.org/tslib/-/tslib-2.3.0.tgz",
      "integrity": "sha512-N82ooyxVNm6h1riLCoyS9e3fuJ3AMG2zIZs2Gd1ATcSFjSA23Q0fzjjZeh0jbJvWVDZ0cJT8yaNNaaXHzueNjg=="
    },
    "node_modules/typescript": {
      "version": "4.9.3",
      "resolved": "https://registry.npmjs.org/typescript/-/typescript-4.9.3.tgz",
      "integrity": "sha512-CIfGzTelbKNEnLpLdGFgdyKhG23CKdKgQPOBc+OUNrkJ2vr+KSzsSV5kq5iWhEQbok+quxgGzrAtGWCyU7tHnA==",
      "dev": true,
      "bin": {
        "tsc": "bin/tsc",
        "tsserver": "bin/tsserver"
      },
      "engines": {
        "node": ">=4.2.0"
      }
    },
    "node_modules/uuid": {
      "version": "8.3.2",
      "resolved": "https://registry.npmjs.org/uuid/-/uuid-8.3.2.tgz",
      "integrity": "sha512-+NYs2QeMWy+GWFOEm9xnn6HCDp0l7QBD7ml8zLUmJ+93Q5NF0NocErnwkTkXVFNiX3/fpC6afS8Dhb/gz7R7eg==",
      "bin": {
        "uuid": "dist/bin/uuid"
      }
    },
    "node_modules/web-streams-polyfill": {
      "version": "3.2.1",
      "resolved": "https://registry.npmjs.org/web-streams-polyfill/-/web-streams-polyfill-3.2.1.tgz",
      "integrity": "sha512-e0MO3wdXWKrLbL0DgGnUV7WHVuw9OUvL4hjgnPkIeEvESk74gAITi5G606JtZPp39cd8HA9VQzCIvA49LpPN5Q==",
      "engines": {
        "node": ">= 8"
      }
    }
  },
  "dependencies": {
    "@azure/msal-common": {
      "version": "7.6.0",
      "resolved": "https://registry.npmjs.org/@azure/msal-common/-/msal-common-7.6.0.tgz",
      "integrity": "sha512-XqfbglUTVLdkHQ8F9UQJtKseRr3sSnr9ysboxtoswvaMVaEfvyLtMoHv9XdKUfOc0qKGzNgRFd9yRjIWVepl6Q=="
    },
    "@azure/msal-node": {
      "version": "1.13.0",
      "resolved": "https://registry.npmjs.org/@azure/msal-node/-/msal-node-1.13.0.tgz",
      "integrity": "sha512-ULHSqUVvnmJwdH6tOlgzrqtC/GAQuzpizvmvttfDeSrrvDDYkaiU3V7NMsVig93NHfcZpbLBLe1ylUrOa7lnig==",
      "requires": {
        "@azure/msal-common": "^7.4.0",
        "jsonwebtoken": "^8.5.1",
        "uuid": "^8.3.0"
      }
    },
    "@microsoft/microsoft-graph-types": {
      "version": "2.25.0",
      "resolved": "https://registry.npmjs.org/@microsoft/microsoft-graph-types/-/microsoft-graph-types-2.25.0.tgz",
      "integrity": "sha512-H/HK4MsRJ1H+G/HwbU/z225BKwzoMU3fawD8xivGxDgyGIDzdZf07Ruz/wPSM+tSJJin/swz3TwFllxveduG8Q=="
    },
    "@pnp/common": {
      "version": "2.14.0",
      "resolved": "https://registry.npmjs.org/@pnp/common/-/common-2.14.0.tgz",
      "integrity": "sha512-GtiV/GfnDtQpoCCTr1GsGpLNI3QC6CRSDduSMbnqFO7uW0MCQXH2xh126/UceH4mwP3BVjNUhi7JZCMEa1lB2A==",
      "requires": {
        "tslib": "2.3.0"
      }
    },
    "@pnp/core": {
      "version": "3.9.0",
      "resolved": "https://registry.npmjs.org/@pnp/core/-/core-3.9.0.tgz",
      "integrity": "sha512-EzuU6jD2qGEARkcBsSf3RM2Q+tZ6WwQc/Dd/klKO23eYV9M4fQnUFKtmVDAyE+pfJTot3bN3vXVny6llAdNxjg==",
      "requires": {
        "tslib": "2.4.0"
      },
      "dependencies": {
        "tslib": {
          "version": "2.4.0",
          "resolved": "https://registry.npmjs.org/tslib/-/tslib-2.4.0.tgz",
          "integrity": "sha512-d6xOpEDfsi2CZVlPQzGeux8XMwLT9hssAsaPYExaQMuYskwb+x1x7J371tWlbBdWHroy99KnVB6qIkUbs5X3UQ=="
        }
      }
    },
    "@pnp/graph": {
      "version": "3.9.0",
      "resolved": "https://registry.npmjs.org/@pnp/graph/-/graph-3.9.0.tgz",
      "integrity": "sha512-kPZ1kqXYP1dCZ3lJJZ92tZV/AKo18TWT8zvvDxS1SYSTzzOJzwcbMHJrHFY5H4sXdr1qARH1pitCkCACS3FF5A==",
      "requires": {
        "@microsoft/microsoft-graph-types": "2.25.0",
        "@pnp/core": "3.9.0",
        "@pnp/queryable": "3.9.0",
        "tslib": "2.4.0"
      },
      "dependencies": {
        "tslib": {
          "version": "2.4.0",
          "resolved": "https://registry.npmjs.org/tslib/-/tslib-2.4.0.tgz",
          "integrity": "sha512-d6xOpEDfsi2CZVlPQzGeux8XMwLT9hssAsaPYExaQMuYskwb+x1x7J371tWlbBdWHroy99KnVB6qIkUbs5X3UQ=="
        }
      }
    },
    "@pnp/logging": {
      "version": "3.9.0",
      "resolved": "https://registry.npmjs.org/@pnp/logging/-/logging-3.9.0.tgz",
      "integrity": "sha512-9xh4whow3AbAdWC0RNwAbrWuDuPXRNx1xYpW8BkunKOHRMZQqCCX83vU0xoMMCJwOv2cBy8qA9js9p4avs3Nww==",
      "requires": {
        "tslib": "2.4.0"
      },
      "dependencies": {
        "tslib": {
          "version": "2.4.0",
          "resolved": "https://registry.npmjs.org/tslib/-/tslib-2.4.0.tgz",
          "integrity": "sha512-d6xOpEDfsi2CZVlPQzGeux8XMwLT9hssAsaPYExaQMuYskwb+x1x7J371tWlbBdWHroy99KnVB6qIkUbs5X3UQ=="
        }
      }
    },
    "@pnp/nodejs": {
      "version": "3.9.0",
      "resolved": "https://registry.npmjs.org/@pnp/nodejs/-/nodejs-3.9.0.tgz",
      "integrity": "sha512-nRRCOVzgSY9eMUEoP0zEpcPRDYntpNtzhm70eRlFtgbhZMQpOzi0LKLjw3Sz5PxhknWuljwcSESxIy7a+DBZBg==",
      "requires": {
        "@azure/msal-node": "1.13.0",
        "@pnp/core": "3.9.0",
        "@pnp/graph": "3.9.0",
        "@pnp/logging": "3.9.0",
        "@pnp/queryable": "3.9.0",
        "@pnp/sp": "3.9.0",
        "node-fetch": "3.2.10",
        "tslib": "2.4.0"
      },
      "dependencies": {
        "tslib": {
          "version": "2.4.0",
          "resolved": "https://registry.npmjs.org/tslib/-/tslib-2.4.0.tgz",
          "integrity": "sha512-d6xOpEDfsi2CZVlPQzGeux8XMwLT9hssAsaPYExaQMuYskwb+x1x7J371tWlbBdWHroy99KnVB6qIkUbs5X3UQ=="
        }
      }
    },
    "@pnp/odata": {
      "version": "2.14.0",
      "resolved": "https://registry.npmjs.org/@pnp/odata/-/odata-2.14.0.tgz",
      "integrity": "sha512-HuVOLJxXsjiVj/Qi0sDYL+v+Nty6SPquz4Qtb0PDNUdRnH63UKEmI8M19QQDohxmCJvueNL1gNj9iy9yHWnASQ==",
      "requires": {
        "@pnp/common": "2.14.0",
        "@pnp/logging": "2.14.0",
        "tslib": "2.3.0"
      },
      "dependencies": {
        "@pnp/logging": {
          "version": "2.14.0",
          "resolved": "https://registry.npmjs.org/@pnp/logging/-/logging-2.14.0.tgz",
          "integrity": "sha512-M/7PyG6zf962KI96ORtmnKp+a45x2Wcy5llsz0+i4FYoWRZuXA9UY5ahIO34sRSYB7FZw5tVwmxSlvQKVLWF3w==",
          "requires": {
            "tslib": "2.3.0"
          }
        }
      }
    },
    "@pnp/queryable": {
      "version": "3.9.0",
      "resolved": "https://registry.npmjs.org/@pnp/queryable/-/queryable-3.9.0.tgz",
      "integrity": "sha512-05n4BLKd1Tjbb5piQyvEtcUse13CQf9hfLwFj8sLb33stFX48QzKBW8ZGbk57MfH6Wkj4SPSHbYg9vZd2+UZZQ==",
      "requires": {
        "@pnp/core": "3.9.0",
        "tslib": "2.4.0"
      },
      "dependencies": {
        "tslib": {
          "version": "2.4.0",
          "resolved": "https://registry.npmjs.org/tslib/-/tslib-2.4.0.tgz",
          "integrity": "sha512-d6xOpEDfsi2CZVlPQzGeux8XMwLT9hssAsaPYExaQMuYskwb+x1x7J371tWlbBdWHroy99KnVB6qIkUbs5X3UQ=="
        }
      }
    },
    "@pnp/sp": {
      "version": "3.9.0",
      "resolved": "https://registry.npmjs.org/@pnp/sp/-/sp-3.9.0.tgz",
      "integrity": "sha512-AHDZe/e0kIzOHu7FIrYsjWqzxY31sSo2NV9Jdo8wHDGV5YF1+9GRHxC2M4tTFIw9Hn6gZv2RyhnqHJhBFw9owg==",
      "requires": {
        "@pnp/core": "3.9.0",
        "@pnp/queryable": "3.9.0",
        "tslib": "2.4.0"
      },
      "dependencies": {
        "tslib": {
          "version": "2.4.0",
          "resolved": "https://registry.npmjs.org/tslib/-/tslib-2.4.0.tgz",
          "integrity": "sha512-d6xOpEDfsi2CZVlPQzGeux8XMwLT9hssAsaPYExaQMuYskwb+x1x7J371tWlbBdWHroy99KnVB6qIkUbs5X3UQ=="
        }
      }
    },
    "@types/node": {
      "version": "18.11.10",
      "resolved": "https://registry.npmjs.org/@types/node/-/node-18.11.10.tgz",
      "integrity": "sha512-juG3RWMBOqcOuXC643OAdSA525V44cVgGV6dUDuiFtss+8Fk5x1hI93Rsld43VeJVIeqlP9I7Fn9/qaVqoEAuQ==",
      "dev": true
    },
    "buffer-equal-constant-time": {
      "version": "1.0.1",
      "resolved": "https://registry.npmjs.org/buffer-equal-constant-time/-/buffer-equal-constant-time-1.0.1.tgz",
      "integrity": "sha512-zRpUiDwd/xk6ADqPMATG8vc9VPrkck7T07OIx0gnjmJAnHnTVXNQG3vfvWNuiZIkwu9KrKdA1iJKfsfTVxE6NA=="
    },
    "data-uri-to-buffer": {
      "version": "4.0.0",
      "resolved": "https://registry.npmjs.org/data-uri-to-buffer/-/data-uri-to-buffer-4.0.0.tgz",
      "integrity": "sha512-Vr3mLBA8qWmcuschSLAOogKgQ/Jwxulv3RNE4FXnYWRGujzrRWQI4m12fQqRkwX06C0KanhLr4hK+GydchZsaA=="
    },
    "ecdsa-sig-formatter": {
      "version": "1.0.11",
      "resolved": "https://registry.npmjs.org/ecdsa-sig-formatter/-/ecdsa-sig-formatter-1.0.11.tgz",
      "integrity": "sha512-nagl3RYrbNv6kQkeJIpt6NJZy8twLB/2vtz6yN9Z4vRKHN4/QZJIEbqohALSgwKdnksuY3k5Addp5lg8sVoVcQ==",
      "requires": {
        "safe-buffer": "^5.0.1"
      }
    },
    "fetch-blob": {
      "version": "3.2.0",
      "resolved": "https://registry.npmjs.org/fetch-blob/-/fetch-blob-3.2.0.tgz",
      "integrity": "sha512-7yAQpD2UMJzLi1Dqv7qFYnPbaPx7ZfFK6PiIxQ4PfkGPyNyl2Ugx+a/umUonmKqjhM4DnfbMvdX6otXq83soQQ==",
      "requires": {
        "node-domexception": "^1.0.0",
        "web-streams-polyfill": "^3.0.3"
      }
    },
    "formdata-polyfill": {
      "version": "4.0.10",
      "resolved": "https://registry.npmjs.org/formdata-polyfill/-/formdata-polyfill-4.0.10.tgz",
      "integrity": "sha512-buewHzMvYL29jdeQTVILecSaZKnt/RJWjoZCF5OW60Z67/GmSLBkOFM7qh1PI3zFNtJbaZL5eQu1vLfazOwj4g==",
      "requires": {
        "fetch-blob": "^3.1.2"
      }
    },
    "jsonwebtoken": {
      "version": "8.5.1",
      "resolved": "https://registry.npmjs.org/jsonwebtoken/-/jsonwebtoken-8.5.1.tgz",
      "integrity": "sha512-XjwVfRS6jTMsqYs0EsuJ4LGxXV14zQybNd4L2r0UvbVnSF9Af8x7p5MzbJ90Ioz/9TI41/hTCvznF/loiSzn8w==",
      "requires": {
        "jws": "^3.2.2",
        "lodash.includes": "^4.3.0",
        "lodash.isboolean": "^3.0.3",
        "lodash.isinteger": "^4.0.4",
        "lodash.isnumber": "^3.0.3",
        "lodash.isplainobject": "^4.0.6",
        "lodash.isstring": "^4.0.1",
        "lodash.once": "^4.0.0",
        "ms": "^2.1.1",
        "semver": "^5.6.0"
      }
    },
    "jwa": {
      "version": "1.4.1",
      "resolved": "https://registry.npmjs.org/jwa/-/jwa-1.4.1.tgz",
      "integrity": "sha512-qiLX/xhEEFKUAJ6FiBMbes3w9ATzyk5W7Hvzpa/SLYdxNtng+gcurvrI7TbACjIXlsJyr05/S1oUhZrc63evQA==",
      "requires": {
        "buffer-equal-constant-time": "1.0.1",
        "ecdsa-sig-formatter": "1.0.11",
        "safe-buffer": "^5.0.1"
      }
    },
    "jws": {
      "version": "3.2.2",
      "resolved": "https://registry.npmjs.org/jws/-/jws-3.2.2.tgz",
      "integrity": "sha512-YHlZCB6lMTllWDtSPHz/ZXTsi8S00usEV6v1tjq8tOUZzw7DpSDWVXjXDre6ed1w/pd495ODpHZYSdkRTsa0HA==",
      "requires": {
        "jwa": "^1.4.1",
        "safe-buffer": "^5.0.1"
      }
    },
    "lodash.includes": {
      "version": "4.3.0",
      "resolved": "https://registry.npmjs.org/lodash.includes/-/lodash.includes-4.3.0.tgz",
      "integrity": "sha512-W3Bx6mdkRTGtlJISOvVD/lbqjTlPPUDTMnlXZFnVwi9NKJ6tiAk6LVdlhZMm17VZisqhKcgzpO5Wz91PCt5b0w=="
    },
    "lodash.isboolean": {
      "version": "3.0.3",
      "resolved": "https://registry.npmjs.org/lodash.isboolean/-/lodash.isboolean-3.0.3.tgz",
      "integrity": "sha512-Bz5mupy2SVbPHURB98VAcw+aHh4vRV5IPNhILUCsOzRmsTmSQ17jIuqopAentWoehktxGd9e/hbIXq980/1QJg=="
    },
    "lodash.isinteger": {
      "version": "4.0.4",
      "resolved": "https://registry.npmjs.org/lodash.isinteger/-/lodash.isinteger-4.0.4.tgz",
      "integrity": "sha512-DBwtEWN2caHQ9/imiNeEA5ys1JoRtRfY3d7V9wkqtbycnAmTvRRmbHKDV4a0EYc678/dia0jrte4tjYwVBaZUA=="
    },
    "lodash.isnumber": {
      "version": "3.0.3",
      "resolved": "https://registry.npmjs.org/lodash.isnumber/-/lodash.isnumber-3.0.3.tgz",
      "integrity": "sha512-QYqzpfwO3/CWf3XP+Z+tkQsfaLL/EnUlXWVkIk5FUPc4sBdTehEqZONuyRt2P67PXAk+NXmTBcc97zw9t1FQrw=="
    },
    "lodash.isplainobject": {
      "version": "4.0.6",
      "resolved": "https://registry.npmjs.org/lodash.isplainobject/-/lodash.isplainobject-4.0.6.tgz",
      "integrity": "sha512-oSXzaWypCMHkPC3NvBEaPHf0KsA5mvPrOPgQWDsbg8n7orZ290M0BmC/jgRZ4vcJ6DTAhjrsSYgdsW/F+MFOBA=="
    },
    "lodash.isstring": {
      "version": "4.0.1",
      "resolved": "https://registry.npmjs.org/lodash.isstring/-/lodash.isstring-4.0.1.tgz",
      "integrity": "sha512-0wJxfxH1wgO3GrbuP+dTTk7op+6L41QCXbGINEmD+ny/G/eCqGzxyCsh7159S+mgDDcoarnBw6PC1PS5+wUGgw=="
    },
    "lodash.once": {
      "version": "4.1.1",
      "resolved": "https://registry.npmjs.org/lodash.once/-/lodash.once-4.1.1.tgz",
      "integrity": "sha512-Sb487aTOCr9drQVL8pIxOzVhafOjZN9UU54hiN8PU3uAiSV7lx1yYNpbNmex2PK6dSJoNTSJUUswT651yww3Mg=="
    },
    "ms": {
      "version": "2.1.3",
      "resolved": "https://registry.npmjs.org/ms/-/ms-2.1.3.tgz",
      "integrity": "sha512-6FlzubTLZG3J2a/NVCAleEhjzq5oxgHyaCU9yYXvcLsvoVaHJq/s5xXI6/XXP6tz7R9xAOtHnSO/tXtF3WRTlA=="
    },
    "node-domexception": {
      "version": "1.0.0",
      "resolved": "https://registry.npmjs.org/node-domexception/-/node-domexception-1.0.0.tgz",
      "integrity": "sha512-/jKZoMpw0F8GRwl4/eLROPA3cfcXtLApP0QzLmUT/HuPCZWyB7IY9ZrMeKw2O/nFIqPQB3PVM9aYm0F312AXDQ=="
    },
    "node-fetch": {
      "version": "3.2.10",
      "resolved": "https://registry.npmjs.org/node-fetch/-/node-fetch-3.2.10.tgz",
      "integrity": "sha512-MhuzNwdURnZ1Cp4XTazr69K0BTizsBroX7Zx3UgDSVcZYKF/6p0CBe4EUb/hLqmzVhl0UpYfgRljQ4yxE+iCxA==",
      "requires": {
        "data-uri-to-buffer": "^4.0.0",
        "fetch-blob": "^3.1.4",
        "formdata-polyfill": "^4.0.10"
      }
    },
    "safe-buffer": {
      "version": "5.2.1",
      "resolved": "https://registry.npmjs.org/safe-buffer/-/safe-buffer-5.2.1.tgz",
      "integrity": "sha512-rp3So07KcdmmKbGvgaNxQSJr7bGVSVk5S9Eq1F+ppbRo70+YeaDxkw5Dd8NPN+GD6bjnYm2VuPuCXmpuYvmCXQ=="
    },
    "semver": {
      "version": "5.7.1",
      "resolved": "https://registry.npmjs.org/semver/-/semver-5.7.1.tgz",
      "integrity": "sha512-sauaDf/PZdVgrLTNYHRtpXa1iRiKcaebiKQ1BJdpQlWH2lCvexQdX55snPFyK7QzpudqbCI0qXFfOasHdyNDGQ=="
    },
    "tslib": {
      "version": "2.3.0",
      "resolved": "https://registry.npmjs.org/tslib/-/tslib-2.3.0.tgz",
      "integrity": "sha512-N82ooyxVNm6h1riLCoyS9e3fuJ3AMG2zIZs2Gd1ATcSFjSA23Q0fzjjZeh0jbJvWVDZ0cJT8yaNNaaXHzueNjg=="
    },
    "typescript": {
      "version": "4.9.3",
      "resolved": "https://registry.npmjs.org/typescript/-/typescript-4.9.3.tgz",
      "integrity": "sha512-CIfGzTelbKNEnLpLdGFgdyKhG23CKdKgQPOBc+OUNrkJ2vr+KSzsSV5kq5iWhEQbok+quxgGzrAtGWCyU7tHnA==",
      "dev": true
    },
    "uuid": {
      "version": "8.3.2",
      "resolved": "https://registry.npmjs.org/uuid/-/uuid-8.3.2.tgz",
      "integrity": "sha512-+NYs2QeMWy+GWFOEm9xnn6HCDp0l7QBD7ml8zLUmJ+93Q5NF0NocErnwkTkXVFNiX3/fpC6afS8Dhb/gz7R7eg=="
    },
    "web-streams-polyfill": {
      "version": "3.2.1",
      "resolved": "https://registry.npmjs.org/web-streams-polyfill/-/web-streams-polyfill-3.2.1.tgz",
      "integrity": "sha512-e0MO3wdXWKrLbL0DgGnUV7WHVuw9OUvL4hjgnPkIeEvESk74gAITi5G606JtZPp39cd8HA9VQzCIvA49LpPN5Q=="
    }
  }
}
